// !$*UTF8*$!
{
	archiveVersion = 1;
	classes = {
	};
	objectVersion = 46;
	objects = {

/* Begin PBXBuildFile section */
		463AE34B1CAFDED100D194B0 /* SCRPagedList.m in Sources */ = {isa = PBXBuildFile; fileRef = 463AE34A1CAFDED100D194B0 /* SCRPagedList.m */; };
		463AE34F1CAFE60300D194B0 /* SCRPhotoListModel.m in Sources */ = {isa = PBXBuildFile; fileRef = 463AE34E1CAFE60300D194B0 /* SCRPhotoListModel.m */; };
		463AE3521CAFE61500D194B0 /* SCRModel.m in Sources */ = {isa = PBXBuildFile; fileRef = 463AE3511CAFE61500D194B0 /* SCRModel.m */; };
		463AE3551CAFE82700D194B0 /* SCRPagedModel.m in Sources */ = {isa = PBXBuildFile; fileRef = 463AE3541CAFE82700D194B0 /* SCRPagedModel.m */; };
		463AE3581CAFE96500D194B0 /* SCRPhotoModel.m in Sources */ = {isa = PBXBuildFile; fileRef = 463AE3571CAFE96500D194B0 /* SCRPhotoModel.m */; };
		463AE35D1CAFF61B00D194B0 /* SCRViewControllerBase.m in Sources */ = {isa = PBXBuildFile; fileRef = 463AE35C1CAFF61B00D194B0 /* SCRViewControllerBase.m */; };
		463AE3601CAFF6D500D194B0 /* SCRRootViewController.m in Sources */ = {isa = PBXBuildFile; fileRef = 463AE35F1CAFF6D500D194B0 /* SCRRootViewController.m */; };
		463AE3641CAFF99600D194B0 /* UIImageView+SCRFlickrLoading.m in Sources */ = {isa = PBXBuildFile; fileRef = 463AE3631CAFF99600D194B0 /* UIImageView+SCRFlickrLoading.m */; };
		463AE3671CAFF9FC00D194B0 /* SCRPhotoModelWithUrl.m in Sources */ = {isa = PBXBuildFile; fileRef = 463AE3661CAFF9FC00D194B0 /* SCRPhotoModelWithUrl.m */; };
		463AE3691CB014FA00D194B0 /* Localizable.strings in Resources */ = {isa = PBXBuildFile; fileRef = 463AE3681CB014FA00D194B0 /* Localizable.strings */; };
		463AE36E1CB018A900D194B0 /* SCRSearchButton.m in Sources */ = {isa = PBXBuildFile; fileRef = 463AE36D1CB018A900D194B0 /* SCRSearchButton.m */; };
		463AE3711CB0191600D194B0 /* UIColor+SCRColorPalette.m in Sources */ = {isa = PBXBuildFile; fileRef = 463AE3701CB0191600D194B0 /* UIColor+SCRColorPalette.m */; };
		463AE3741CB01D3700D194B0 /* SCRSearchViewController.m in Sources */ = {isa = PBXBuildFile; fileRef = 463AE3731CB01D3700D194B0 /* SCRSearchViewController.m */; };
		463AE3781CB01D5700D194B0 /* SCRSearchResultsViewController.m in Sources */ = {isa = PBXBuildFile; fileRef = 463AE3771CB01D5700D194B0 /* SCRSearchResultsViewController.m */; };
		463AE37C1CB0202700D194B0 /* SCRFlickrApi.m in Sources */ = {isa = PBXBuildFile; fileRef = 463AE37B1CB0202700D194B0 /* SCRFlickrApi.m */; };
		463AE3801CB0229300D194B0 /* SCRSearchBuilder.m in Sources */ = {isa = PBXBuildFile; fileRef = 463AE37F1CB0229300D194B0 /* SCRSearchBuilder.m */; };
		463AE3851CB023F800D194B0 /* CoreLocation.framework in Frameworks */ = {isa = PBXBuildFile; fileRef = 463AE3841CB023F800D194B0 /* CoreLocation.framework */; };
		4675A5431CADA535009578F8 /* main.m in Sources */ = {isa = PBXBuildFile; fileRef = 4675A5421CADA535009578F8 /* main.m */; };
		4675A5461CADA535009578F8 /* SCRAppDelegate.m in Sources */ = {isa = PBXBuildFile; fileRef = 4675A5451CADA535009578F8 /* SCRAppDelegate.m */; };
		4675A55F1CADA5BE009578F8 /* Main.storyboard in Resources */ = {isa = PBXBuildFile; fileRef = 4675A55C1CADA5BE009578F8 /* Main.storyboard */; };
		4675A5641CADA5C4009578F8 /* Assets.xcassets in Resources */ = {isa = PBXBuildFile; fileRef = 4675A5621CADA5C4009578F8 /* Assets.xcassets */; };
		4675A5651CADA5C4009578F8 /* LaunchScreen.storyboard in Resources */ = {isa = PBXBuildFile; fileRef = 4675A5631CADA5C4009578F8 /* LaunchScreen.storyboard */; };
		4675A56D1CADA91F009578F8 /* SCREngine.m in Sources */ = {isa = PBXBuildFile; fileRef = 4675A56C1CADA91F009578F8 /* SCREngine.m */; };
		4675A5751CADA951009578F8 /* SCRConfig.m in Sources */ = {isa = PBXBuildFile; fileRef = 4675A5741CADA951009578F8 /* SCRConfig.m */; };
		4675A5781CADACD9009578F8 /* SCRCommsContextImpl.m in Sources */ = {isa = PBXBuildFile; fileRef = 4675A5771CADACD9009578F8 /* SCRCommsContextImpl.m */; };
		4675A57C1CADB1A1009578F8 /* SCRPhotosControllerImpl.m in Sources */ = {isa = PBXBuildFile; fileRef = 4675A57B1CADB1A1009578F8 /* SCRPhotosControllerImpl.m */; };
		4675A5811CADBB13009578F8 /* SCRControllerBaseImpl.m in Sources */ = {isa = PBXBuildFile; fileRef = 4675A5801CADBB13009578F8 /* SCRControllerBaseImpl.m */; };
		4675A5861CADBF34009578F8 /* SCRWeakRef.m in Sources */ = {isa = PBXBuildFile; fileRef = 4675A5851CADBF34009578F8 /* SCRWeakRef.m */; };
		4675A58A1CADC28A009578F8 /* SCRRequest.m in Sources */ = {isa = PBXBuildFile; fileRef = 4675A5891CADC28A009578F8 /* SCRRequest.m */; };
		468D9CDA1CB127A400AD5452 /* SCRViewSizer.m in Sources */ = {isa = PBXBuildFile; fileRef = 468D9CD91CB127A400AD5452 /* SCRViewSizer.m */; };
		468D9CDF1CB12C5700AD5452 /* SCRSearchResultCollectionViewCell.xib in Resources */ = {isa = PBXBuildFile; fileRef = 468D9CDE1CB12C5700AD5452 /* SCRSearchResultCollectionViewCell.xib */; };
		468D9CE51CB160BA00AD5452 /* SCRPhotoModelWithInfo.m in Sources */ = {isa = PBXBuildFile; fileRef = 468D9CE41CB160BA00AD5452 /* SCRPhotoModelWithInfo.m */; };
		468D9CE81CB1676900AD5452 /* SCRPhotoOwnerModel.m in Sources */ = {isa = PBXBuildFile; fileRef = 468D9CE71CB1676900AD5452 /* SCRPhotoOwnerModel.m */; };
		468D9CEB1CB169CD00AD5452 /* SCRPhotoDatesModel.m in Sources */ = {isa = PBXBuildFile; fileRef = 468D9CEA1CB169CD00AD5452 /* SCRPhotoDatesModel.m */; };
		468D9CF11CB1752400AD5452 /* NSDate+SCRStringUtilities.m in Sources */ = {isa = PBXBuildFile; fileRef = 468D9CF01CB1752400AD5452 /* NSDate+SCRStringUtilities.m */; };
		468D9CF41CB1789B00AD5452 /* SCRPhotoOwnerModelWithUrl.m in Sources */ = {isa = PBXBuildFile; fileRef = 468D9CF31CB1789B00AD5452 /* SCRPhotoOwnerModelWithUrl.m */; };
		468D9CFC1CB1817500AD5452 /* SCRCircularImageView.m in Sources */ = {isa = PBXBuildFile; fileRef = 468D9CFB1CB1817500AD5452 /* SCRCircularImageView.m */; };
		468D9CFF1CB198D600AD5452 /* SCRSearchResultsFooterView.m in Sources */ = {isa = PBXBuildFile; fileRef = 468D9CFE1CB198D600AD5452 /* SCRSearchResultsFooterView.m */; };
		468D9D011CB198E100AD5452 /* SCRSearchResultsFooterView.xib in Resources */ = {isa = PBXBuildFile; fileRef = 468D9D001CB198E100AD5452 /* SCRSearchResultsFooterView.xib */; };
		46F1208D1CB06928009A5EAA /* SCRSearchResultCollectionViewCell.m in Sources */ = {isa = PBXBuildFile; fileRef = 46F1208C1CB06928009A5EAA /* SCRSearchResultCollectionViewCell.m */; };
		B27B02EB48ABDEC5249F27C7 /* libPods-Searchr.a in Frameworks */ = {isa = PBXBuildFile; fileRef = 84C62383E0711E868B112564 /* libPods-Searchr.a */; };
/* End PBXBuildFile section */

/* Begin PBXFileReference section */
		463AE3491CAFDED100D194B0 /* SCRPagedList.h */ = {isa = PBXFileReference; fileEncoding = 4; lastKnownFileType = sourcecode.c.h; path = SCRPagedList.h; sourceTree = "<group>"; };
		463AE34A1CAFDED100D194B0 /* SCRPagedList.m */ = {isa = PBXFileReference; fileEncoding = 4; lastKnownFileType = sourcecode.c.objc; path = SCRPagedList.m; sourceTree = "<group>"; };
		463AE34D1CAFE60300D194B0 /* SCRPhotoListModel.h */ = {isa = PBXFileReference; fileEncoding = 4; lastKnownFileType = sourcecode.c.h; path = SCRPhotoListModel.h; sourceTree = "<group>"; };
		463AE34E1CAFE60300D194B0 /* SCRPhotoListModel.m */ = {isa = PBXFileReference; fileEncoding = 4; lastKnownFileType = sourcecode.c.objc; path = SCRPhotoListModel.m; sourceTree = "<group>"; };
		463AE3501CAFE61500D194B0 /* SCRModel.h */ = {isa = PBXFileReference; fileEncoding = 4; lastKnownFileType = sourcecode.c.h; path = SCRModel.h; sourceTree = "<group>"; };
		463AE3511CAFE61500D194B0 /* SCRModel.m */ = {isa = PBXFileReference; fileEncoding = 4; lastKnownFileType = sourcecode.c.objc; path = SCRModel.m; sourceTree = "<group>"; };
		463AE3531CAFE82700D194B0 /* SCRPagedModel.h */ = {isa = PBXFileReference; fileEncoding = 4; lastKnownFileType = sourcecode.c.h; path = SCRPagedModel.h; sourceTree = "<group>"; };
		463AE3541CAFE82700D194B0 /* SCRPagedModel.m */ = {isa = PBXFileReference; fileEncoding = 4; lastKnownFileType = sourcecode.c.objc; path = SCRPagedModel.m; sourceTree = "<group>"; };
		463AE3561CAFE96500D194B0 /* SCRPhotoModel.h */ = {isa = PBXFileReference; fileEncoding = 4; lastKnownFileType = sourcecode.c.h; path = SCRPhotoModel.h; sourceTree = "<group>"; };
		463AE3571CAFE96500D194B0 /* SCRPhotoModel.m */ = {isa = PBXFileReference; fileEncoding = 4; lastKnownFileType = sourcecode.c.objc; path = SCRPhotoModel.m; sourceTree = "<group>"; };
		463AE3591CAFF38D00D194B0 /* SCRWeakSelf.h */ = {isa = PBXFileReference; lastKnownFileType = sourcecode.c.h; path = SCRWeakSelf.h; sourceTree = "<group>"; };
		463AE35B1CAFF61B00D194B0 /* SCRViewControllerBase.h */ = {isa = PBXFileReference; fileEncoding = 4; lastKnownFileType = sourcecode.c.h; path = SCRViewControllerBase.h; sourceTree = "<group>"; };
		463AE35C1CAFF61B00D194B0 /* SCRViewControllerBase.m */ = {isa = PBXFileReference; fileEncoding = 4; lastKnownFileType = sourcecode.c.objc; path = SCRViewControllerBase.m; sourceTree = "<group>"; };
		463AE35E1CAFF6D500D194B0 /* SCRRootViewController.h */ = {isa = PBXFileReference; fileEncoding = 4; lastKnownFileType = sourcecode.c.h; path = SCRRootViewController.h; sourceTree = "<group>"; };
		463AE35F1CAFF6D500D194B0 /* SCRRootViewController.m */ = {isa = PBXFileReference; fileEncoding = 4; lastKnownFileType = sourcecode.c.objc; path = SCRRootViewController.m; sourceTree = "<group>"; };
		463AE3621CAFF99600D194B0 /* UIImageView+SCRFlickrLoading.h */ = {isa = PBXFileReference; fileEncoding = 4; lastKnownFileType = sourcecode.c.h; path = "UIImageView+SCRFlickrLoading.h"; sourceTree = "<group>"; };
		463AE3631CAFF99600D194B0 /* UIImageView+SCRFlickrLoading.m */ = {isa = PBXFileReference; fileEncoding = 4; lastKnownFileType = sourcecode.c.objc; path = "UIImageView+SCRFlickrLoading.m"; sourceTree = "<group>"; };
		463AE3651CAFF9FC00D194B0 /* SCRPhotoModelWithUrl.h */ = {isa = PBXFileReference; fileEncoding = 4; lastKnownFileType = sourcecode.c.h; path = SCRPhotoModelWithUrl.h; sourceTree = "<group>"; };
		463AE3661CAFF9FC00D194B0 /* SCRPhotoModelWithUrl.m */ = {isa = PBXFileReference; fileEncoding = 4; lastKnownFileType = sourcecode.c.objc; path = SCRPhotoModelWithUrl.m; sourceTree = "<group>"; };
		463AE3681CB014FA00D194B0 /* Localizable.strings */ = {isa = PBXFileReference; fileEncoding = 4; lastKnownFileType = text.plist.strings; path = Localizable.strings; sourceTree = "<group>"; };
		463AE36C1CB018A900D194B0 /* SCRSearchButton.h */ = {isa = PBXFileReference; fileEncoding = 4; lastKnownFileType = sourcecode.c.h; path = SCRSearchButton.h; sourceTree = "<group>"; };
		463AE36D1CB018A900D194B0 /* SCRSearchButton.m */ = {isa = PBXFileReference; fileEncoding = 4; lastKnownFileType = sourcecode.c.objc; path = SCRSearchButton.m; sourceTree = "<group>"; };
		463AE36F1CB0191600D194B0 /* UIColor+SCRColorPalette.h */ = {isa = PBXFileReference; fileEncoding = 4; lastKnownFileType = sourcecode.c.h; path = "UIColor+SCRColorPalette.h"; sourceTree = "<group>"; };
		463AE3701CB0191600D194B0 /* UIColor+SCRColorPalette.m */ = {isa = PBXFileReference; fileEncoding = 4; lastKnownFileType = sourcecode.c.objc; path = "UIColor+SCRColorPalette.m"; sourceTree = "<group>"; };
		463AE3721CB01D3700D194B0 /* SCRSearchViewController.h */ = {isa = PBXFileReference; fileEncoding = 4; lastKnownFileType = sourcecode.c.h; path = SCRSearchViewController.h; sourceTree = "<group>"; };
		463AE3731CB01D3700D194B0 /* SCRSearchViewController.m */ = {isa = PBXFileReference; fileEncoding = 4; lastKnownFileType = sourcecode.c.objc; path = SCRSearchViewController.m; sourceTree = "<group>"; };
		463AE3761CB01D5700D194B0 /* SCRSearchResultsViewController.h */ = {isa = PBXFileReference; fileEncoding = 4; lastKnownFileType = sourcecode.c.h; path = SCRSearchResultsViewController.h; sourceTree = "<group>"; };
		463AE3771CB01D5700D194B0 /* SCRSearchResultsViewController.m */ = {isa = PBXFileReference; fileEncoding = 4; lastKnownFileType = sourcecode.c.objc; path = SCRSearchResultsViewController.m; sourceTree = "<group>"; };
		463AE37A1CB0202700D194B0 /* SCRFlickrApi.h */ = {isa = PBXFileReference; fileEncoding = 4; lastKnownFileType = sourcecode.c.h; path = SCRFlickrApi.h; sourceTree = "<group>"; };
		463AE37B1CB0202700D194B0 /* SCRFlickrApi.m */ = {isa = PBXFileReference; fileEncoding = 4; lastKnownFileType = sourcecode.c.objc; path = SCRFlickrApi.m; sourceTree = "<group>"; };
		463AE37E1CB0229300D194B0 /* SCRSearchBuilder.h */ = {isa = PBXFileReference; fileEncoding = 4; lastKnownFileType = sourcecode.c.h; path = SCRSearchBuilder.h; sourceTree = "<group>"; };
		463AE37F1CB0229300D194B0 /* SCRSearchBuilder.m */ = {isa = PBXFileReference; fileEncoding = 4; lastKnownFileType = sourcecode.c.objc; path = SCRSearchBuilder.m; sourceTree = "<group>"; };
		463AE3841CB023F800D194B0 /* CoreLocation.framework */ = {isa = PBXFileReference; lastKnownFileType = wrapper.framework; name = CoreLocation.framework; path = System/Library/Frameworks/CoreLocation.framework; sourceTree = SDKROOT; };
		4675A53E1CADA535009578F8 /* Searchr.app */ = {isa = PBXFileReference; explicitFileType = wrapper.application; includeInIndex = 0; path = Searchr.app; sourceTree = BUILT_PRODUCTS_DIR; };
		4675A5421CADA535009578F8 /* main.m */ = {isa = PBXFileReference; lastKnownFileType = sourcecode.c.objc; path = main.m; sourceTree = "<group>"; };
		4675A5441CADA535009578F8 /* SCRAppDelegate.h */ = {isa = PBXFileReference; lastKnownFileType = sourcecode.c.h; path = SCRAppDelegate.h; sourceTree = "<group>"; };
		4675A5451CADA535009578F8 /* SCRAppDelegate.m */ = {isa = PBXFileReference; lastKnownFileType = sourcecode.c.objc; path = SCRAppDelegate.m; sourceTree = "<group>"; };
		4675A5521CADA535009578F8 /* Info.plist */ = {isa = PBXFileReference; lastKnownFileType = text.plist.xml; path = Info.plist; sourceTree = "<group>"; };
		4675A55C1CADA5BE009578F8 /* Main.storyboard */ = {isa = PBXFileReference; fileEncoding = 4; lastKnownFileType = file.storyboard; path = Main.storyboard; sourceTree = "<group>"; };
		4675A5621CADA5C4009578F8 /* Assets.xcassets */ = {isa = PBXFileReference; lastKnownFileType = folder.assetcatalog; path = Assets.xcassets; sourceTree = "<group>"; };
		4675A5631CADA5C4009578F8 /* LaunchScreen.storyboard */ = {isa = PBXFileReference; fileEncoding = 4; lastKnownFileType = file.storyboard; path = LaunchScreen.storyboard; sourceTree = "<group>"; };
		4675A56B1CADA91F009578F8 /* SCREngine.h */ = {isa = PBXFileReference; fileEncoding = 4; lastKnownFileType = sourcecode.c.h; path = SCREngine.h; sourceTree = "<group>"; };
		4675A56C1CADA91F009578F8 /* SCREngine.m */ = {isa = PBXFileReference; fileEncoding = 4; lastKnownFileType = sourcecode.c.objc; path = SCREngine.m; sourceTree = "<group>"; };
		4675A5701CADA93D009578F8 /* SCRCommsContext.h */ = {isa = PBXFileReference; fileEncoding = 4; lastKnownFileType = sourcecode.c.h; path = SCRCommsContext.h; sourceTree = "<group>"; };
		4675A5731CADA951009578F8 /* SCRConfig.h */ = {isa = PBXFileReference; fileEncoding = 4; lastKnownFileType = sourcecode.c.h; path = SCRConfig.h; sourceTree = "<group>"; };
		4675A5741CADA951009578F8 /* SCRConfig.m */ = {isa = PBXFileReference; fileEncoding = 4; lastKnownFileType = sourcecode.c.objc; path = SCRConfig.m; sourceTree = "<group>"; };
		4675A5761CADACD9009578F8 /* SCRCommsContextImpl.h */ = {isa = PBXFileReference; fileEncoding = 4; lastKnownFileType = sourcecode.c.h; path = SCRCommsContextImpl.h; sourceTree = "<group>"; };
		4675A5771CADACD9009578F8 /* SCRCommsContextImpl.m */ = {isa = PBXFileReference; fileEncoding = 4; lastKnownFileType = sourcecode.c.objc; path = SCRCommsContextImpl.m; sourceTree = "<group>"; };
		4675A57A1CADB1A1009578F8 /* SCRPhotosControllerImpl.h */ = {isa = PBXFileReference; fileEncoding = 4; lastKnownFileType = sourcecode.c.h; path = SCRPhotosControllerImpl.h; sourceTree = "<group>"; };
		4675A57B1CADB1A1009578F8 /* SCRPhotosControllerImpl.m */ = {isa = PBXFileReference; fileEncoding = 4; lastKnownFileType = sourcecode.c.objc; path = SCRPhotosControllerImpl.m; sourceTree = "<group>"; };
		4675A57D1CADBA1F009578F8 /* SCRPhotosController.h */ = {isa = PBXFileReference; lastKnownFileType = sourcecode.c.h; path = SCRPhotosController.h; sourceTree = "<group>"; };
		4675A57F1CADBB13009578F8 /* SCRControllerBaseImpl.h */ = {isa = PBXFileReference; fileEncoding = 4; lastKnownFileType = sourcecode.c.h; path = SCRControllerBaseImpl.h; sourceTree = "<group>"; };
		4675A5801CADBB13009578F8 /* SCRControllerBaseImpl.m */ = {isa = PBXFileReference; fileEncoding = 4; lastKnownFileType = sourcecode.c.objc; path = SCRControllerBaseImpl.m; sourceTree = "<group>"; };
		4675A5821CADBB1B009578F8 /* SCRControllerBase.h */ = {isa = PBXFileReference; lastKnownFileType = sourcecode.c.h; path = SCRControllerBase.h; sourceTree = "<group>"; };
		4675A5841CADBF34009578F8 /* SCRWeakRef.h */ = {isa = PBXFileReference; fileEncoding = 4; lastKnownFileType = sourcecode.c.h; path = SCRWeakRef.h; sourceTree = "<group>"; };
		4675A5851CADBF34009578F8 /* SCRWeakRef.m */ = {isa = PBXFileReference; fileEncoding = 4; lastKnownFileType = sourcecode.c.objc; path = SCRWeakRef.m; sourceTree = "<group>"; };
		4675A5881CADC28A009578F8 /* SCRRequest.h */ = {isa = PBXFileReference; fileEncoding = 4; lastKnownFileType = sourcecode.c.h; path = SCRRequest.h; sourceTree = "<group>"; };
		4675A5891CADC28A009578F8 /* SCRRequest.m */ = {isa = PBXFileReference; fileEncoding = 4; lastKnownFileType = sourcecode.c.objc; path = SCRRequest.m; sourceTree = "<group>"; };
		468D9CD81CB127A400AD5452 /* SCRViewSizer.h */ = {isa = PBXFileReference; fileEncoding = 4; lastKnownFileType = sourcecode.c.h; path = SCRViewSizer.h; sourceTree = "<group>"; };
		468D9CD91CB127A400AD5452 /* SCRViewSizer.m */ = {isa = PBXFileReference; fileEncoding = 4; lastKnownFileType = sourcecode.c.objc; path = SCRViewSizer.m; sourceTree = "<group>"; };
		468D9CDE1CB12C5700AD5452 /* SCRSearchResultCollectionViewCell.xib */ = {isa = PBXFileReference; fileEncoding = 4; lastKnownFileType = file.xib; path = SCRSearchResultCollectionViewCell.xib; sourceTree = "<group>"; };
		468D9CE31CB160BA00AD5452 /* SCRPhotoModelWithInfo.h */ = {isa = PBXFileReference; fileEncoding = 4; lastKnownFileType = sourcecode.c.h; path = SCRPhotoModelWithInfo.h; sourceTree = "<group>"; };
		468D9CE41CB160BA00AD5452 /* SCRPhotoModelWithInfo.m */ = {isa = PBXFileReference; fileEncoding = 4; lastKnownFileType = sourcecode.c.objc; path = SCRPhotoModelWithInfo.m; sourceTree = "<group>"; };
		468D9CE61CB1676900AD5452 /* SCRPhotoOwnerModel.h */ = {isa = PBXFileReference; fileEncoding = 4; lastKnownFileType = sourcecode.c.h; path = SCRPhotoOwnerModel.h; sourceTree = "<group>"; };
		468D9CE71CB1676900AD5452 /* SCRPhotoOwnerModel.m */ = {isa = PBXFileReference; fileEncoding = 4; lastKnownFileType = sourcecode.c.objc; path = SCRPhotoOwnerModel.m; sourceTree = "<group>"; };
		468D9CE91CB169CD00AD5452 /* SCRPhotoDatesModel.h */ = {isa = PBXFileReference; fileEncoding = 4; lastKnownFileType = sourcecode.c.h; path = SCRPhotoDatesModel.h; sourceTree = "<group>"; };
		468D9CEA1CB169CD00AD5452 /* SCRPhotoDatesModel.m */ = {isa = PBXFileReference; fileEncoding = 4; lastKnownFileType = sourcecode.c.objc; path = SCRPhotoDatesModel.m; sourceTree = "<group>"; };
		468D9CEF1CB1752400AD5452 /* NSDate+SCRStringUtilities.h */ = {isa = PBXFileReference; fileEncoding = 4; lastKnownFileType = sourcecode.c.h; path = "NSDate+SCRStringUtilities.h"; sourceTree = "<group>"; };
		468D9CF01CB1752400AD5452 /* NSDate+SCRStringUtilities.m */ = {isa = PBXFileReference; fileEncoding = 4; lastKnownFileType = sourcecode.c.objc; path = "NSDate+SCRStringUtilities.m"; sourceTree = "<group>"; };
		468D9CF21CB1789B00AD5452 /* SCRPhotoOwnerModelWithUrl.h */ = {isa = PBXFileReference; fileEncoding = 4; lastKnownFileType = sourcecode.c.h; path = SCRPhotoOwnerModelWithUrl.h; sourceTree = "<group>"; };
		468D9CF31CB1789B00AD5452 /* SCRPhotoOwnerModelWithUrl.m */ = {isa = PBXFileReference; fileEncoding = 4; lastKnownFileType = sourcecode.c.objc; path = SCRPhotoOwnerModelWithUrl.m; sourceTree = "<group>"; };
		468D9CFA1CB1817500AD5452 /* SCRCircularImageView.h */ = {isa = PBXFileReference; fileEncoding = 4; lastKnownFileType = sourcecode.c.h; path = SCRCircularImageView.h; sourceTree = "<group>"; };
		468D9CFB1CB1817500AD5452 /* SCRCircularImageView.m */ = {isa = PBXFileReference; fileEncoding = 4; lastKnownFileType = sourcecode.c.objc; path = SCRCircularImageView.m; sourceTree = "<group>"; };
		468D9CFD1CB198D600AD5452 /* SCRSearchResultsFooterView.h */ = {isa = PBXFileReference; fileEncoding = 4; lastKnownFileType = sourcecode.c.h; path = SCRSearchResultsFooterView.h; sourceTree = "<group>"; };
		468D9CFE1CB198D600AD5452 /* SCRSearchResultsFooterView.m */ = {isa = PBXFileReference; fileEncoding = 4; lastKnownFileType = sourcecode.c.objc; path = SCRSearchResultsFooterView.m; sourceTree = "<group>"; };
		468D9D001CB198E100AD5452 /* SCRSearchResultsFooterView.xib */ = {isa = PBXFileReference; fileEncoding = 4; lastKnownFileType = file.xib; path = SCRSearchResultsFooterView.xib; sourceTree = "<group>"; };
		46F1208B1CB06928009A5EAA /* SCRSearchResultCollectionViewCell.h */ = {isa = PBXFileReference; fileEncoding = 4; lastKnownFileType = sourcecode.c.h; path = SCRSearchResultCollectionViewCell.h; sourceTree = "<group>"; };
		46F1208C1CB06928009A5EAA /* SCRSearchResultCollectionViewCell.m */ = {isa = PBXFileReference; fileEncoding = 4; lastKnownFileType = sourcecode.c.objc; path = SCRSearchResultCollectionViewCell.m; sourceTree = "<group>"; };
		84C62383E0711E868B112564 /* libPods-Searchr.a */ = {isa = PBXFileReference; explicitFileType = archive.ar; includeInIndex = 0; path = "libPods-Searchr.a"; sourceTree = BUILT_PRODUCTS_DIR; };
		A94B73588A9BBE7BAD1E25E0 /* Pods-Searchr.debug.xcconfig */ = {isa = PBXFileReference; includeInIndex = 1; lastKnownFileType = text.xcconfig; name = "Pods-Searchr.debug.xcconfig"; path = "Pods/Target Support Files/Pods-Searchr/Pods-Searchr.debug.xcconfig"; sourceTree = "<group>"; };
		AD698C6911E627CB4DF304D4 /* Pods-Searchr.release.xcconfig */ = {isa = PBXFileReference; includeInIndex = 1; lastKnownFileType = text.xcconfig; name = "Pods-Searchr.release.xcconfig"; path = "Pods/Target Support Files/Pods-Searchr/Pods-Searchr.release.xcconfig"; sourceTree = "<group>"; };
/* End PBXFileReference section */

/* Begin PBXFrameworksBuildPhase section */
		4675A53B1CADA535009578F8 /* Frameworks */ = {
			isa = PBXFrameworksBuildPhase;
			buildActionMask = 2147483647;
			files = (
				463AE3851CB023F800D194B0 /* CoreLocation.framework in Frameworks */,
				B27B02EB48ABDEC5249F27C7 /* libPods-Searchr.a in Frameworks */,
			);
			runOnlyForDeploymentPostprocessing = 0;
		};
/* End PBXFrameworksBuildPhase section */

/* Begin PBXGroup section */
		2E80C7F319787A77DDE9CA54 /* Frameworks */ = {
			isa = PBXGroup;
			children = (
				463AE3841CB023F800D194B0 /* CoreLocation.framework */,
				84C62383E0711E868B112564 /* libPods-Searchr.a */,
			);
			name = Frameworks;
			sourceTree = "<group>";
		};
		463AE34C1CAFE5F500D194B0 /* Model */ = {
			isa = PBXGroup;
			children = (
				463AE34D1CAFE60300D194B0 /* SCRPhotoListModel.h */,
				463AE34E1CAFE60300D194B0 /* SCRPhotoListModel.m */,
				463AE3561CAFE96500D194B0 /* SCRPhotoModel.h */,
				463AE3571CAFE96500D194B0 /* SCRPhotoModel.m */,
				463AE3651CAFF9FC00D194B0 /* SCRPhotoModelWithUrl.h */,
				463AE3661CAFF9FC00D194B0 /* SCRPhotoModelWithUrl.m */,
				468D9CE31CB160BA00AD5452 /* SCRPhotoModelWithInfo.h */,
				468D9CE41CB160BA00AD5452 /* SCRPhotoModelWithInfo.m */,
				468D9CE91CB169CD00AD5452 /* SCRPhotoDatesModel.h */,
				468D9CEA1CB169CD00AD5452 /* SCRPhotoDatesModel.m */,
				468D9CE61CB1676900AD5452 /* SCRPhotoOwnerModel.h */,
				468D9CE71CB1676900AD5452 /* SCRPhotoOwnerModel.m */,
				468D9CF21CB1789B00AD5452 /* SCRPhotoOwnerModelWithUrl.h */,
				468D9CF31CB1789B00AD5452 /* SCRPhotoOwnerModelWithUrl.m */,
			);
			path = Model;
			sourceTree = "<group>";
		};
		463AE35A1CAFF60F00D194B0 /* Base */ = {
			isa = PBXGroup;
			children = (
				463AE35B1CAFF61B00D194B0 /* SCRViewControllerBase.h */,
				463AE35C1CAFF61B00D194B0 /* SCRViewControllerBase.m */,
			);
			path = Base;
			sourceTree = "<group>";
		};
		463AE3611CAFF8C300D194B0 /* Utilities */ = {
			isa = PBXGroup;
			children = (
				463AE3621CAFF99600D194B0 /* UIImageView+SCRFlickrLoading.h */,
				463AE3631CAFF99600D194B0 /* UIImageView+SCRFlickrLoading.m */,
				463AE36F1CB0191600D194B0 /* UIColor+SCRColorPalette.h */,
				463AE3701CB0191600D194B0 /* UIColor+SCRColorPalette.m */,
				468D9CD81CB127A400AD5452 /* SCRViewSizer.h */,
				468D9CD91CB127A400AD5452 /* SCRViewSizer.m */,
				468D9CEF1CB1752400AD5452 /* NSDate+SCRStringUtilities.h */,
				468D9CF01CB1752400AD5452 /* NSDate+SCRStringUtilities.m */,
			);
			name = Utilities;
			path = Searchr/Source/Utilities;
			sourceTree = SOURCE_ROOT;
		};
		463AE36A1CB0189000D194B0 /* Search */ = {
			isa = PBXGroup;
			children = (
				463AE36B1CB0189B00D194B0 /* Views */,
				463AE3721CB01D3700D194B0 /* SCRSearchViewController.h */,
				463AE3731CB01D3700D194B0 /* SCRSearchViewController.m */,
			);
			path = Search;
			sourceTree = "<group>";
		};
		463AE36B1CB0189B00D194B0 /* Views */ = {
			isa = PBXGroup;
			children = (
				463AE36C1CB018A900D194B0 /* SCRSearchButton.h */,
				463AE36D1CB018A900D194B0 /* SCRSearchButton.m */,
			);
			path = Views;
			sourceTree = "<group>";
		};
		463AE3751CB01D4D00D194B0 /* SearchResults */ = {
			isa = PBXGroup;
			children = (
				46F1208A1CB06919009A5EAA /* Views */,
				463AE3761CB01D5700D194B0 /* SCRSearchResultsViewController.h */,
				463AE3771CB01D5700D194B0 /* SCRSearchResultsViewController.m */,
			);
			path = SearchResults;
			sourceTree = "<group>";
		};
		463AE3791CB0201E00D194B0 /* Flickr */ = {
			isa = PBXGroup;
			children = (
				463AE37A1CB0202700D194B0 /* SCRFlickrApi.h */,
				463AE37B1CB0202700D194B0 /* SCRFlickrApi.m */,
			);
			path = Flickr;
			sourceTree = "<group>";
		};
		463AE37D1CB0225900D194B0 /* Search */ = {
			isa = PBXGroup;
			children = (
				463AE37E1CB0229300D194B0 /* SCRSearchBuilder.h */,
				463AE37F1CB0229300D194B0 /* SCRSearchBuilder.m */,
			);
			path = Search;
			sourceTree = "<group>";
		};
		4675A5351CADA535009578F8 = {
			isa = PBXGroup;
			children = (
				4675A5401CADA535009578F8 /* Searchr */,
				4675A53F1CADA535009578F8 /* Products */,
				8022F3D2F76A050FAEA001A6 /* Pods */,
				2E80C7F319787A77DDE9CA54 /* Frameworks */,
			);
			sourceTree = "<group>";
		};
		4675A53F1CADA535009578F8 /* Products */ = {
			isa = PBXGroup;
			children = (
				4675A53E1CADA535009578F8 /* Searchr.app */,
			);
			name = Products;
			sourceTree = "<group>";
		};
		4675A5401CADA535009578F8 /* Searchr */ = {
			isa = PBXGroup;
			children = (
				4675A5441CADA535009578F8 /* SCRAppDelegate.h */,
				4675A5451CADA535009578F8 /* SCRAppDelegate.m */,
				4675A5581CADA5BE009578F8 /* Source */,
				4675A5611CADA5C4009578F8 /* Resource */,
				4675A5411CADA535009578F8 /* Supporting Files */,
			);
			path = Searchr;
			sourceTree = "<group>";
		};
		4675A5411CADA535009578F8 /* Supporting Files */ = {
			isa = PBXGroup;
			children = (
				4675A5521CADA535009578F8 /* Info.plist */,
				4675A5421CADA535009578F8 /* main.m */,
			);
			name = "Supporting Files";
			sourceTree = "<group>";
		};
		4675A5581CADA5BE009578F8 /* Source */ = {
			isa = PBXGroup;
			children = (
				4675A5591CADA5BE009578F8 /* Engine */,
				4675A55A1CADA5BE009578F8 /* UI */,
			);
			path = Source;
			sourceTree = "<group>";
		};
		4675A5591CADA5BE009578F8 /* Engine */ = {
			isa = PBXGroup;
			children = (
				4675A57E1CADBAFB009578F8 /* Base */,
				4675A56E1CADA936009578F8 /* Comms */,
				4675A56F1CADA936009578F8 /* Config */,
				4675A5791CADB18F009578F8 /* Photos */,
				463AE3791CB0201E00D194B0 /* Flickr */,
				4675A5871CADC284009578F8 /* Requests */,
				4675A5831CADBE90009578F8 /* Utilities */,
				4675A56B1CADA91F009578F8 /* SCREngine.h */,
				4675A56C1CADA91F009578F8 /* SCREngine.m */,
				463AE3491CAFDED100D194B0 /* SCRPagedList.h */,
				463AE34A1CAFDED100D194B0 /* SCRPagedList.m */,
				463AE3501CAFE61500D194B0 /* SCRModel.h */,
				463AE3511CAFE61500D194B0 /* SCRModel.m */,
				463AE3531CAFE82700D194B0 /* SCRPagedModel.h */,
				463AE3541CAFE82700D194B0 /* SCRPagedModel.m */,
			);
			path = Engine;
			sourceTree = "<group>";
		};
		4675A55A1CADA5BE009578F8 /* UI */ = {
			isa = PBXGroup;
			children = (
				463AE35A1CAFF60F00D194B0 /* Base */,
				468D9CF51CB1815400AD5452 /* Components */,
				4675A55B1CADA5BE009578F8 /* Screens */,
				463AE3611CAFF8C300D194B0 /* Utilities */,
			);
			path = UI;
			sourceTree = "<group>";
		};
		4675A55B1CADA5BE009578F8 /* Screens */ = {
			isa = PBXGroup;
			children = (
				463AE36A1CB0189000D194B0 /* Search */,
				463AE3751CB01D4D00D194B0 /* SearchResults */,
				4675A55C1CADA5BE009578F8 /* Main.storyboard */,
				463AE35E1CAFF6D500D194B0 /* SCRRootViewController.h */,
				463AE35F1CAFF6D500D194B0 /* SCRRootViewController.m */,
			);
			path = Screens;
			sourceTree = "<group>";
		};
		4675A5611CADA5C4009578F8 /* Resource */ = {
			isa = PBXGroup;
			children = (
				4675A5621CADA5C4009578F8 /* Assets.xcassets */,
				4675A5631CADA5C4009578F8 /* LaunchScreen.storyboard */,
				463AE3681CB014FA00D194B0 /* Localizable.strings */,
			);
			path = Resource;
			sourceTree = "<group>";
		};
		4675A56E1CADA936009578F8 /* Comms */ = {
			isa = PBXGroup;
			children = (
				4675A5701CADA93D009578F8 /* SCRCommsContext.h */,
				4675A5761CADACD9009578F8 /* SCRCommsContextImpl.h */,
				4675A5771CADACD9009578F8 /* SCRCommsContextImpl.m */,
			);
			path = Comms;
			sourceTree = "<group>";
		};
		4675A56F1CADA936009578F8 /* Config */ = {
			isa = PBXGroup;
			children = (
				4675A5731CADA951009578F8 /* SCRConfig.h */,
				4675A5741CADA951009578F8 /* SCRConfig.m */,
			);
			path = Config;
			sourceTree = "<group>";
		};
		4675A5791CADB18F009578F8 /* Photos */ = {
			isa = PBXGroup;
			children = (
				463AE34C1CAFE5F500D194B0 /* Model */,
				463AE37D1CB0225900D194B0 /* Search */,
				4675A57D1CADBA1F009578F8 /* SCRPhotosController.h */,
				4675A57A1CADB1A1009578F8 /* SCRPhotosControllerImpl.h */,
				4675A57B1CADB1A1009578F8 /* SCRPhotosControllerImpl.m */,
			);
			path = Photos;
			sourceTree = "<group>";
		};
		4675A57E1CADBAFB009578F8 /* Base */ = {
			isa = PBXGroup;
			children = (
				4675A5821CADBB1B009578F8 /* SCRControllerBase.h */,
				4675A57F1CADBB13009578F8 /* SCRControllerBaseImpl.h */,
				4675A5801CADBB13009578F8 /* SCRControllerBaseImpl.m */,
			);
			path = Base;
			sourceTree = "<group>";
		};
		4675A5831CADBE90009578F8 /* Utilities */ = {
			isa = PBXGroup;
			children = (
				4675A5841CADBF34009578F8 /* SCRWeakRef.h */,
				4675A5851CADBF34009578F8 /* SCRWeakRef.m */,
				463AE3591CAFF38D00D194B0 /* SCRWeakSelf.h */,
			);
			path = Utilities;
			sourceTree = "<group>";
		};
		4675A5871CADC284009578F8 /* Requests */ = {
			isa = PBXGroup;
			children = (
				4675A5881CADC28A009578F8 /* SCRRequest.h */,
				4675A5891CADC28A009578F8 /* SCRRequest.m */,
			);
			path = Requests;
			sourceTree = "<group>";
		};
		468D9CF51CB1815400AD5452 /* Components */ = {
			isa = PBXGroup;
			children = (
				468D9CF91CB1817500AD5452 /* CircularImageView */,
			);
			path = Components;
			sourceTree = "<group>";
		};
		468D9CF91CB1817500AD5452 /* CircularImageView */ = {
			isa = PBXGroup;
			children = (
				468D9CFA1CB1817500AD5452 /* SCRCircularImageView.h */,
				468D9CFB1CB1817500AD5452 /* SCRCircularImageView.m */,
			);
			path = CircularImageView;
			sourceTree = "<group>";
		};
		46F1208A1CB06919009A5EAA /* Views */ = {
			isa = PBXGroup;
			children = (
				46F1208B1CB06928009A5EAA /* SCRSearchResultCollectionViewCell.h */,
				46F1208C1CB06928009A5EAA /* SCRSearchResultCollectionViewCell.m */,
				468D9CDE1CB12C5700AD5452 /* SCRSearchResultCollectionViewCell.xib */,
				468D9CFD1CB198D600AD5452 /* SCRSearchResultsFooterView.h */,
				468D9CFE1CB198D600AD5452 /* SCRSearchResultsFooterView.m */,
				468D9D001CB198E100AD5452 /* SCRSearchResultsFooterView.xib */,
			);
			path = Views;
			sourceTree = "<group>";
		};
		8022F3D2F76A050FAEA001A6 /* Pods */ = {
			isa = PBXGroup;
			children = (
				A94B73588A9BBE7BAD1E25E0 /* Pods-Searchr.debug.xcconfig */,
				AD698C6911E627CB4DF304D4 /* Pods-Searchr.release.xcconfig */,
			);
			name = Pods;
			sourceTree = "<group>";
		};
/* End PBXGroup section */

/* Begin PBXNativeTarget section */
		4675A53D1CADA535009578F8 /* Searchr */ = {
			isa = PBXNativeTarget;
			buildConfigurationList = 4675A5551CADA535009578F8 /* Build configuration list for PBXNativeTarget "Searchr" */;
			buildPhases = (
				18CA40173588D3D4449CBCAD /* Check Pods Manifest.lock */,
				4675A53A1CADA535009578F8 /* Sources */,
				4675A53B1CADA535009578F8 /* Frameworks */,
				4675A53C1CADA535009578F8 /* Resources */,
				F47FE77F29908722E2567B89 /* Embed Pods Frameworks */,
				800221728E85FA28E502FF6E /* Copy Pods Resources */,
			);
			buildRules = (
			);
			dependencies = (
			);
			name = Searchr;
			productName = Searchr;
			productReference = 4675A53E1CADA535009578F8 /* Searchr.app */;
			productType = "com.apple.product-type.application";
		};
/* End PBXNativeTarget section */

/* Begin PBXProject section */
		4675A5361CADA535009578F8 /* Project object */ = {
			isa = PBXProject;
			attributes = {
				CLASSPREFIX = SCR;
				LastUpgradeCheck = 0730;
				ORGANIZATIONNAME = "Merrick Sapsford";
				TargetAttributes = {
					4675A53D1CADA535009578F8 = {
						CreatedOnToolsVersion = 7.3;
					};
				};
			};
			buildConfigurationList = 4675A5391CADA535009578F8 /* Build configuration list for PBXProject "Searchr" */;
			compatibilityVersion = "Xcode 3.2";
			developmentRegion = English;
			hasScannedForEncodings = 0;
			knownRegions = (
				en,
				Base,
			);
			mainGroup = 4675A5351CADA535009578F8;
			productRefGroup = 4675A53F1CADA535009578F8 /* Products */;
			projectDirPath = "";
			projectRoot = "";
			targets = (
				4675A53D1CADA535009578F8 /* Searchr */,
			);
		};
/* End PBXProject section */

/* Begin PBXResourcesBuildPhase section */
		4675A53C1CADA535009578F8 /* Resources */ = {
			isa = PBXResourcesBuildPhase;
			buildActionMask = 2147483647;
			files = (
				468D9CDF1CB12C5700AD5452 /* SCRSearchResultCollectionViewCell.xib in Resources */,
				468D9D011CB198E100AD5452 /* SCRSearchResultsFooterView.xib in Resources */,
				4675A5651CADA5C4009578F8 /* LaunchScreen.storyboard in Resources */,
				463AE3691CB014FA00D194B0 /* Localizable.strings in Resources */,
				4675A5641CADA5C4009578F8 /* Assets.xcassets in Resources */,
				4675A55F1CADA5BE009578F8 /* Main.storyboard in Resources */,
			);
			runOnlyForDeploymentPostprocessing = 0;
		};
/* End PBXResourcesBuildPhase section */

/* Begin PBXShellScriptBuildPhase section */
		18CA40173588D3D4449CBCAD /* Check Pods Manifest.lock */ = {
			isa = PBXShellScriptBuildPhase;
			buildActionMask = 2147483647;
			files = (
			);
			inputPaths = (
			);
			name = "Check Pods Manifest.lock";
			outputPaths = (
			);
			runOnlyForDeploymentPostprocessing = 0;
			shellPath = /bin/sh;
			shellScript = "diff \"${PODS_ROOT}/../Podfile.lock\" \"${PODS_ROOT}/Manifest.lock\" > /dev/null\nif [[ $? != 0 ]] ; then\n    cat << EOM\nerror: The sandbox is not in sync with the Podfile.lock. Run 'pod install' or update your CocoaPods installation.\nEOM\n    exit 1\nfi\n";
			showEnvVarsInLog = 0;
		};
		800221728E85FA28E502FF6E /* Copy Pods Resources */ = {
			isa = PBXShellScriptBuildPhase;
			buildActionMask = 2147483647;
			files = (
			);
			inputPaths = (
			);
			name = "Copy Pods Resources";
			outputPaths = (
			);
			runOnlyForDeploymentPostprocessing = 0;
			shellPath = /bin/sh;
			shellScript = "\"${SRCROOT}/Pods/Target Support Files/Pods-Searchr/Pods-Searchr-resources.sh\"\n";
			showEnvVarsInLog = 0;
		};
		F47FE77F29908722E2567B89 /* Embed Pods Frameworks */ = {
			isa = PBXShellScriptBuildPhase;
			buildActionMask = 2147483647;
			files = (
			);
			inputPaths = (
			);
			name = "Embed Pods Frameworks";
			outputPaths = (
			);
			runOnlyForDeploymentPostprocessing = 0;
			shellPath = /bin/sh;
			shellScript = "\"${SRCROOT}/Pods/Target Support Files/Pods-Searchr/Pods-Searchr-frameworks.sh\"\n";
			showEnvVarsInLog = 0;
		};
/* End PBXShellScriptBuildPhase section */

/* Begin PBXSourcesBuildPhase section */
		4675A53A1CADA535009578F8 /* Sources */ = {
			isa = PBXSourcesBuildPhase;
			buildActionMask = 2147483647;
			files = (
				4675A5861CADBF34009578F8 /* SCRWeakRef.m in Sources */,
				468D9CE81CB1676900AD5452 /* SCRPhotoOwnerModel.m in Sources */,
				463AE3711CB0191600D194B0 /* UIColor+SCRColorPalette.m in Sources */,
				46F1208D1CB06928009A5EAA /* SCRSearchResultCollectionViewCell.m in Sources */,
				468D9CFF1CB198D600AD5452 /* SCRSearchResultsFooterView.m in Sources */,
				468D9CDA1CB127A400AD5452 /* SCRViewSizer.m in Sources */,
				4675A57C1CADB1A1009578F8 /* SCRPhotosControllerImpl.m in Sources */,
				463AE3741CB01D3700D194B0 /* SCRSearchViewController.m in Sources */,
				468D9CE51CB160BA00AD5452 /* SCRPhotoModelWithInfo.m in Sources */,
				463AE34B1CAFDED100D194B0 /* SCRPagedList.m in Sources */,
				4675A5751CADA951009578F8 /* SCRConfig.m in Sources */,
				463AE34F1CAFE60300D194B0 /* SCRPhotoListModel.m in Sources */,
				4675A56D1CADA91F009578F8 /* SCREngine.m in Sources */,
				468D9CFC1CB1817500AD5452 /* SCRCircularImageView.m in Sources */,
				463AE3781CB01D5700D194B0 /* SCRSearchResultsViewController.m in Sources */,
				468D9CEB1CB169CD00AD5452 /* SCRPhotoDatesModel.m in Sources */,
				463AE36E1CB018A900D194B0 /* SCRSearchButton.m in Sources */,
				468D9CF41CB1789B00AD5452 /* SCRPhotoOwnerModelWithUrl.m in Sources */,
				468D9CF11CB1752400AD5452 /* NSDate+SCRStringUtilities.m in Sources */,
				4675A58A1CADC28A009578F8 /* SCRRequest.m in Sources */,
				463AE3641CAFF99600D194B0 /* UIImageView+SCRFlickrLoading.m in Sources */,
				463AE3551CAFE82700D194B0 /* SCRPagedModel.m in Sources */,
				4675A5811CADBB13009578F8 /* SCRControllerBaseImpl.m in Sources */,
				463AE35D1CAFF61B00D194B0 /* SCRViewControllerBase.m in Sources */,
				463AE3521CAFE61500D194B0 /* SCRModel.m in Sources */,
				4675A5461CADA535009578F8 /* SCRAppDelegate.m in Sources */,
				463AE3601CAFF6D500D194B0 /* SCRRootViewController.m in Sources */,
				463AE3801CB0229300D194B0 /* SCRSearchBuilder.m in Sources */,
				463AE3581CAFE96500D194B0 /* SCRPhotoModel.m in Sources */,
				4675A5431CADA535009578F8 /* main.m in Sources */,
				4675A5781CADACD9009578F8 /* SCRCommsContextImpl.m in Sources */,
				463AE37C1CB0202700D194B0 /* SCRFlickrApi.m in Sources */,
				463AE3671CAFF9FC00D194B0 /* SCRPhotoModelWithUrl.m in Sources */,
			);
			runOnlyForDeploymentPostprocessing = 0;
		};
/* End PBXSourcesBuildPhase section */

/* Begin XCBuildConfiguration section */
		4675A5531CADA535009578F8 /* Debug */ = {
			isa = XCBuildConfiguration;
			buildSettings = {
				ALWAYS_SEARCH_USER_PATHS = NO;
				CLANG_ANALYZER_NONNULL = YES;
				CLANG_CXX_LANGUAGE_STANDARD = "gnu++0x";
				CLANG_CXX_LIBRARY = "libc++";
				CLANG_ENABLE_MODULES = YES;
				CLANG_ENABLE_OBJC_ARC = YES;
				CLANG_WARN_BOOL_CONVERSION = YES;
				CLANG_WARN_CONSTANT_CONVERSION = YES;
				CLANG_WARN_DIRECT_OBJC_ISA_USAGE = YES_ERROR;
				CLANG_WARN_EMPTY_BODY = YES;
				CLANG_WARN_ENUM_CONVERSION = YES;
				CLANG_WARN_INT_CONVERSION = YES;
				CLANG_WARN_OBJC_ROOT_CLASS = YES_ERROR;
				CLANG_WARN_UNREACHABLE_CODE = YES;
				CLANG_WARN__DUPLICATE_METHOD_MATCH = YES;
				"CODE_SIGN_IDENTITY[sdk=iphoneos*]" = "iPhone Developer";
				COPY_PHASE_STRIP = NO;
				DEBUG_INFORMATION_FORMAT = dwarf;
				ENABLE_STRICT_OBJC_MSGSEND = YES;
				ENABLE_TESTABILITY = YES;
				GCC_C_LANGUAGE_STANDARD = gnu99;
				GCC_DYNAMIC_NO_PIC = NO;
				GCC_NO_COMMON_BLOCKS = YES;
				GCC_OPTIMIZATION_LEVEL = 0;
				GCC_PREPROCESSOR_DEFINITIONS = (
					"DEBUG=1",
					"$(inherited)",
				);
				GCC_WARN_64_TO_32_BIT_CONVERSION = YES;
				GCC_WARN_ABOUT_RETURN_TYPE = YES_ERROR;
				GCC_WARN_UNDECLARED_SELECTOR = YES;
				GCC_WARN_UNINITIALIZED_AUTOS = YES_AGGRESSIVE;
				GCC_WARN_UNUSED_FUNCTION = YES;
				GCC_WARN_UNUSED_VARIABLE = YES;
				IPHONEOS_DEPLOYMENT_TARGET = 9.3;
				MTL_ENABLE_DEBUG_INFO = YES;
				ONLY_ACTIVE_ARCH = YES;
				SDKROOT = iphoneos;
			};
			name = Debug;
		};
		4675A5541CADA535009578F8 /* Release */ = {
			isa = XCBuildConfiguration;
			buildSettings = {
				ALWAYS_SEARCH_USER_PATHS = NO;
				CLANG_ANALYZER_NONNULL = YES;
				CLANG_CXX_LANGUAGE_STANDARD = "gnu++0x";
				CLANG_CXX_LIBRARY = "libc++";
				CLANG_ENABLE_MODULES = YES;
				CLANG_ENABLE_OBJC_ARC = YES;
				CLANG_WARN_BOOL_CONVERSION = YES;
				CLANG_WARN_CONSTANT_CONVERSION = YES;
				CLANG_WARN_DIRECT_OBJC_ISA_USAGE = YES_ERROR;
				CLANG_WARN_EMPTY_BODY = YES;
				CLANG_WARN_ENUM_CONVERSION = YES;
				CLANG_WARN_INT_CONVERSION = YES;
				CLANG_WARN_OBJC_ROOT_CLASS = YES_ERROR;
				CLANG_WARN_UNREACHABLE_CODE = YES;
				CLANG_WARN__DUPLICATE_METHOD_MATCH = YES;
				"CODE_SIGN_IDENTITY[sdk=iphoneos*]" = "iPhone Developer";
				COPY_PHASE_STRIP = NO;
				DEBUG_INFORMATION_FORMAT = "dwarf-with-dsym";
				ENABLE_NS_ASSERTIONS = NO;
				ENABLE_STRICT_OBJC_MSGSEND = YES;
				GCC_C_LANGUAGE_STANDARD = gnu99;
				GCC_NO_COMMON_BLOCKS = YES;
				GCC_WARN_64_TO_32_BIT_CONVERSION = YES;
				GCC_WARN_ABOUT_RETURN_TYPE = YES_ERROR;
				GCC_WARN_UNDECLARED_SELECTOR = YES;
				GCC_WARN_UNINITIALIZED_AUTOS = YES_AGGRESSIVE;
				GCC_WARN_UNUSED_FUNCTION = YES;
				GCC_WARN_UNUSED_VARIABLE = YES;
				IPHONEOS_DEPLOYMENT_TARGET = 9.3;
				MTL_ENABLE_DEBUG_INFO = NO;
				SDKROOT = iphoneos;
				VALIDATE_PRODUCT = YES;
			};
			name = Release;
		};
		4675A5561CADA535009578F8 /* Debug */ = {
			isa = XCBuildConfiguration;
			baseConfigurationReference = A94B73588A9BBE7BAD1E25E0 /* Pods-Searchr.debug.xcconfig */;
			buildSettings = {
				ASSETCATALOG_COMPILER_APPICON_NAME = AppIcon;
				INFOPLIST_FILE = Searchr/Info.plist;
				IPHONEOS_DEPLOYMENT_TARGET = 9.0;
				LD_RUNPATH_SEARCH_PATHS = "$(inherited) @executable_path/Frameworks";
				PRODUCT_BUNDLE_IDENTIFIER = com.msapsford.Searchr;
				PRODUCT_NAME = "$(TARGET_NAME)";
			};
			name = Debug;
		};
		4675A5571CADA535009578F8 /* Release */ = {
			isa = XCBuildConfiguration;
			baseConfigurationReference = AD698C6911E627CB4DF304D4 /* Pods-Searchr.release.xcconfig */;
			buildSettings = {
				ASSETCATALOG_COMPILER_APPICON_NAME = AppIcon;
				INFOPLIST_FILE = Searchr/Info.plist;
				IPHONEOS_DEPLOYMENT_TARGET = 9.0;
				LD_RUNPATH_SEARCH_PATHS = "$(inherited) @executable_path/Frameworks";
				PRODUCT_BUNDLE_IDENTIFIER = com.msapsford.Searchr;
				PRODUCT_NAME = "$(TARGET_NAME)";
			};
			name = Release;
		};
/* End XCBuildConfiguration section */

/* Begin XCConfigurationList section */
		4675A5391CADA535009578F8 /* Build configuration list for PBXProject "Searchr" */ = {
			isa = XCConfigurationList;
			buildConfigurations = (
				4675A5531CADA535009578F8 /* Debug */,
				4675A5541CADA535009578F8 /* Release */,
			);
			defaultConfigurationIsVisible = 0;
			defaultConfigurationName = Release;
		};
		4675A5551CADA535009578F8 /* Build configuration list for PBXNativeTarget "Searchr" */ = {
			isa = XCConfigurationList;
			buildConfigurations = (
				4675A5561CADA535009578F8 /* Debug */,
				4675A5571CADA535009578F8 /* Release */,
			);
			defaultConfigurationIsVisible = 0;
			defaultConfigurationName = Release;
		};
/* End XCConfigurationList section */
	};
	rootObject = 4675A5361CADA535009578F8 /* Project object */;
}
